# This file is automatically @generated by Cargo.
# It is not intended for manual editing.
version = 3

[[package]]
name = "notan_core"
version = "0.9.3"
source = "registry+https://github.com/rust-lang/crates.io-index"
checksum = "88971d072deca3e25caafa5c1cd54a406a587dc1c25a1b8ef6cf7979330fcc02"

[[package]]
name = "notan_touchy"
version = "0.1.0"
dependencies = [
 "notan_core",
]
